# This file is automatically @generated by Cargo.
# It is not intended for manual editing.
[[package]]
name = "psl"
version = "2.0.8"
source = "registry+https://github.com/rust-lang/crates.io-index"
checksum = "06a2ed22f46f08669c06ff12242f88e28362b5f8668c0dfa5e67b2438df7b1f6"
dependencies = [
 "psl-types",
]

[[package]]
name = "psl-types"
version = "2.0.5"
source = "registry+https://github.com/rust-lang/crates.io-index"
checksum = "e12d1bb63616bc5323c1b5b60a70028c8291dac53c7994676bab590bca50c92d"

[[package]]
name = "rust-psl"
version = "0.1.0"
dependencies = [
 "psl",
]
